
Microsoft Visual Studio Solution File, Format Version 12.00
# Visual Studio Version 17
VisualStudioVersion = 17.10.35027.167
MinimumVisualStudioVersion = 10.0.40219.1
Project("{9A19103F-16F7-4668-BE54-9A1E7A4F7556}") = "API", "Swadesh-Backend\API.csproj", "{B1F40AE2-8EF6-48F0-9283-A8FE6DDA9803}"
EndProject
Project("{FAE04EC0-301F-11D3-BF4B-00C04F79EFBC}") = "Application", "Application\Application.csproj", "{D569A05F-4A57-488C-BFA1-16371334EF91}"
EndProject
Project("{FAE04EC0-301F-11D3-BF4B-00C04F79EFBC}") = "Domain", "Domain\Domain.csproj", "{4DDDA963-D5D9-4405-A8A3-632C87F0379C}"
EndProject
Project("{FAE04EC0-301F-11D3-BF4B-00C04F79EFBC}") = "Infrastructure", "Infrastructure\Infrastructure.csproj", "{6EDA64E8-D8AA-4904-BC7E-D5D8F3727DDB}"
EndProject
Global
	GlobalSection(SolutionConfigurationPlatforms) = preSolution
		Debug|Any CPU = Debug|Any CPU
		Release|Any CPU = Release|Any CPU
	EndGlobalSection
	GlobalSection(ProjectConfigurationPlatforms) = postSolution
		{B1F40AE2-8EF6-48F0-9283-A8FE6DDA9803}.Debug|Any CPU.ActiveCfg = Debug|Any CPU
		{B1F40AE2-8EF6-48F0-9283-A8FE6DDA9803}.Debug|Any CPU.Build.0 = Debug|Any CPU
		{B1F40AE2-8EF6-48F0-9283-A8FE6DDA9803}.Release|Any CPU.ActiveCfg = Release|Any CPU
		{B1F40AE2-8EF6-48F0-9283-A8FE6DDA9803}.Release|Any CPU.Build.0 = Release|Any CPU
		{D569A05F-4A57-488C-BFA1-16371334EF91}.Debug|Any CPU.ActiveCfg = Debug|Any CPU
		{D569A05F-4A57-488C-BFA1-16371334EF91}.Debug|Any CPU.Build.0 = Debug|Any CPU
		{D569A05F-4A57-488C-BFA1-16371334EF91}.Release|Any CPU.ActiveCfg = Release|Any CPU
		{D569A05F-4A57-488C-BFA1-16371334EF91}.Release|Any CPU.Build.0 = Release|Any CPU
		{4DDDA963-D5D9-4405-A8A3-632C87F0379C}.Debug|Any CPU.ActiveCfg = Debug|Any CPU
		{4DDDA963-D5D9-4405-A8A3-632C87F0379C}.Debug|Any CPU.Build.0 = Debug|Any CPU
		{4DDDA963-D5D9-4405-A8A3-632C87F0379C}.Release|Any CPU.ActiveCfg = Release|Any CPU
		{4DDDA963-D5D9-4405-A8A3-632C87F0379C}.Release|Any CPU.Build.0 = Release|Any CPU
		{6EDA64E8-D8AA-4904-BC7E-D5D8F3727DDB}.Debug|Any CPU.ActiveCfg = Debug|Any CPU
		{6EDA64E8-D8AA-4904-BC7E-D5D8F3727DDB}.Debug|Any CPU.Build.0 = Debug|Any CPU
		{6EDA64E8-D8AA-4904-BC7E-D5D8F3727DDB}.Release|Any CPU.ActiveCfg = Release|Any CPU
		{6EDA64E8-D8AA-4904-BC7E-D5D8F3727DDB}.Release|Any CPU.Build.0 = Release|Any CPU
	EndGlobalSection
	GlobalSection(SolutionProperties) = preSolution
		HideSolutionNode = FALSE
	EndGlobalSection
	GlobalSection(ExtensibilityGlobals) = postSolution
		SolutionGuid = {9A6BC394-B699-4150-BBC1-AE027B2467F1}
	EndGlobalSection
EndGlobal
